{
	"name": "@myscope/core",
	"version": "1.2.10",
	"lockfileVersion": 1,
	"requires": true,
	"dependencies": {
		"@myscope/logger": {
			"version": "1.2.9",
			"resolved": "http://localhost:4873/@myscope%2flogger/-/logger-1.2.9.tgz",
			"integrity": "sha512-EtEQZz4GEPhxYnqLhihr63UtLAPPl+5f9uk8UYuZnFcHlC59zU0ryaajz42WBpSriDIZ4eI9HrcH7ZFMdNzH6g==",
			"requires": {
				"reflect-metadata": "^0.1.13"
			}
		},
		"reflect-metadata": {
			"version": "0.1.13",
			"resolved": "https://nexus.service.toryburch.com/repository/npm-repo/reflect-metadata/-/reflect-metadata-0.1.13.tgz",
			"integrity": "sha512-Ts1Y/anZELhSsjMcU605fU9RE4Oi3p5ORujwbIKXfWa+0Zxs510Qrmrce5/Jowq3cHSZSJqBjypxmHarc+vEWg=="
		}
	}
}
