{
	"name": "@myscope/core",
	"version": "1.2.7",
	"lockfileVersion": 1,
	"requires": true,
	"dependencies": {
		"@myscope/logger": {
			"version": "1.2.0",
			"resolved": "http://localhost:4873/@myscope%2flogger/-/logger-1.2.0.tgz",
			"integrity": "sha512-236ZjXPiRdqclENT4dZ7c01ua8xLkjkLZpYk57u6LI3dbcLcWOBPJjru8Q+qH1fol42piTKNqWq3dbjfATtb6g==",
			"requires": {
				"reflect-metadata": "^0.1.13"
			}
		},
		"reflect-metadata": {
			"version": "0.1.13",
			"resolved": "https://nexus.service.toryburch.com/repository/npm-repo/reflect-metadata/-/reflect-metadata-0.1.13.tgz",
			"integrity": "sha512-Ts1Y/anZELhSsjMcU605fU9RE4Oi3p5ORujwbIKXfWa+0Zxs510Qrmrce5/Jowq3cHSZSJqBjypxmHarc+vEWg=="
		}
	}
}
